
Microsoft Visual Studio Solution File, Format Version 12.00
# Visual Studio Version 17
VisualStudioVersion = 17.9.34607.119
MinimumVisualStudioVersion = 10.0.40219.1
Project("{FAE04EC0-301F-11D3-BF4B-00C04F79EFBC}") = "button4367416", "button4367416\button4367416.csproj", "{D671A271-6243-4BB4-A981-7C2E167EA43B}"
EndProject
Global
	GlobalSection(SolutionConfigurationPlatforms) = preSolution
		Debug|Any CPU = Debug|Any CPU
		Release|Any CPU = Release|Any CPU
	EndGlobalSection
	GlobalSection(ProjectConfigurationPlatforms) = postSolution
		{D671A271-6243-4BB4-A981-7C2E167EA43B}.Debug|Any CPU.ActiveCfg = Debug|Any CPU
		{D671A271-6243-4BB4-A981-7C2E167EA43B}.Debug|Any CPU.Build.0 = Debug|Any CPU
		{D671A271-6243-4BB4-A981-7C2E167EA43B}.Release|Any CPU.ActiveCfg = Release|Any CPU
		{D671A271-6243-4BB4-A981-7C2E167EA43B}.Release|Any CPU.Build.0 = Release|Any CPU
	EndGlobalSection
	GlobalSection(SolutionProperties) = preSolution
		HideSolutionNode = FALSE
	EndGlobalSection
	GlobalSection(ExtensibilityGlobals) = postSolution
		SolutionGuid = {B71C0D74-4EBC-48C4-8EED-5456C66D7C0E}
	EndGlobalSection
EndGlobal
